
Microsoft Visual Studio Solution File, Format Version 12.00
# Visual Studio 15
VisualStudioVersion = 15.0.27428.2015
MinimumVisualStudioVersion = 10.0.40219.1
Project("{F184B08F-C81C-45F6-A57F-5ABD9991F28F}") = "FrontEditor", "FrontEditor\FrontEditor.vbproj", "{0FF06302-8E28-4065-9097-3CD8F4711D53}"
EndProject
Global
	GlobalSection(SolutionConfigurationPlatforms) = preSolution
		Debug|Any CPU = Debug|Any CPU
		Release|Any CPU = Release|Any CPU
	EndGlobalSection
	GlobalSection(ProjectConfigurationPlatforms) = postSolution
		{0FF06302-8E28-4065-9097-3CD8F4711D53}.Debug|Any CPU.ActiveCfg = Debug|x86
		{0FF06302-8E28-4065-9097-3CD8F4711D53}.Debug|Any CPU.Build.0 = Debug|x86
		{0FF06302-8E28-4065-9097-3CD8F4711D53}.Release|Any CPU.ActiveCfg = Release|x86
		{0FF06302-8E28-4065-9097-3CD8F4711D53}.Release|Any CPU.Build.0 = Release|x86
	EndGlobalSection
	GlobalSection(SolutionProperties) = preSolution
		HideSolutionNode = FALSE
	EndGlobalSection
	GlobalSection(ExtensibilityGlobals) = postSolution
		SolutionGuid = {FECF7DE6-2D32-44FE-AE53-A18813C8C1A8}
	EndGlobalSection
EndGlobal
